dependencies:
  espressif/esp_lcd_sh1107:
    component_hash: 9cc00a4d066e3e1d120fd2006d30612766488379b820804092a9bfedb3c1f93c
    source:
      storage_url: file:///C:/Espressif/registry
      type: service
    version: 1.1.0
  espressif/esp_lvgl_port:
    component_hash: b43dc04720d126cbfe14d53a84787e4c24b7bd7f15468e224c930ad3ffb32258
    source:
      storage_url: file:///C:/Espressif/registry
      type: service
    version: 1.4.0
  espressif/qrcode:
    component_hash: 3b493771bc5d6ad30cbf87c25bf784aada8a08c941504355b55d6b75518ed7bc
    source:
      storage_url: file:///C:/Espressif/registry
      type: service
    version: 0.1.0~2
  idf:
    component_hash: null
    source:
      type: idf
    version: 5.2.1
  lvgl/lvgl:
    component_hash: 948bff879a345149b83065535bbc4a026ce9f47498a22881e432a264b9098015
    source:
      storage_url: file:///C:/Espressif/registry
      type: service
    version: 8.3.11
manifest_hash: 99c54f8f8d1587ea7cf336eba24a399fb8ba3dee7d8d26496410c1e3c8088562
target: esp32c3
version: 1.0.0
