dependencies:
  espressif/cbor:
    component_hash: 440f4ee4504841cc9b4f3a8ef755776a612ac9dace355514c68b999868f990ff
    source:
      type: service
    version: 0.6.0~1
  espressif/esp_lvgl_port:
    component_hash: b43dc04720d126cbfe14d53a84787e4c24b7bd7f15468e224c930ad3ffb32258
    source:
      storage_url: file:///C:/Espressif/registry
      type: service
    version: 1.4.0
  espressif/esp_secure_cert_mgr:
    component_hash: a20007d67e65a000670ab77e45d7554c943eb8dcb0abeada0a57dd9adac3a703
    source:
      storage_url: file:///C:/Espressif/registry
      type: service
    version: 2.4.1
  espressif/led_strip:
    component_hash: 67d2744208e9c12d8b1992d21c979396c1726e57cb7e35e7c171c515be20f8ea
    source:
      storage_url: file:///C:/Espressif/registry
      type: service
    version: 2.5.3
  espressif/qrcode:
    component_hash: 3b493771bc5d6ad30cbf87c25bf784aada8a08c941504355b55d6b75518ed7bc
    source:
      storage_url: file:///C:/Espressif/registry
      type: service
    version: 0.1.0~2
  idf:
    component_hash: null
    source:
      type: idf
    version: 5.2.1
  lvgl/lvgl:
    component_hash: 948bff879a345149b83065535bbc4a026ce9f47498a22881e432a264b9098015
    source:
      storage_url: file:///C:/Espressif/registry
      type: service
    version: 8.3.11
manifest_hash: b0bbf14db2a1d57c8901fe0e35aa3e323d7a47d85c4493e95bbd5771bd0ac6ab
target: esp32c3
version: 1.0.0
